
Microsoft Visual Studio Solution File, Format Version 12.00
# Visual Studio Version 16
VisualStudioVersion = 16.0.30907.101
MinimumVisualStudioVersion = 10.0.40219.1
Project("{FAE04EC0-301F-11D3-BF4B-00C04F79EFBC}") = "Projekt", "Projekt\Projekt.csproj", "{83DB7C97-059C-406E-8409-E39385216E59}"
EndProject
Global
	GlobalSection(SolutionConfigurationPlatforms) = preSolution
		Debug|Any CPU = Debug|Any CPU
		Release|Any CPU = Release|Any CPU
	EndGlobalSection
	GlobalSection(ProjectConfigurationPlatforms) = postSolution
		{83DB7C97-059C-406E-8409-E39385216E59}.Debug|Any CPU.ActiveCfg = Debug|Any CPU
		{83DB7C97-059C-406E-8409-E39385216E59}.Debug|Any CPU.Build.0 = Debug|Any CPU
		{83DB7C97-059C-406E-8409-E39385216E59}.Release|Any CPU.ActiveCfg = Release|Any CPU
		{83DB7C97-059C-406E-8409-E39385216E59}.Release|Any CPU.Build.0 = Release|Any CPU
	EndGlobalSection
	GlobalSection(SolutionProperties) = preSolution
		HideSolutionNode = FALSE
	EndGlobalSection
	GlobalSection(ExtensibilityGlobals) = postSolution
		SolutionGuid = {52F2F895-5847-415B-B238-A0A6C651E603}
	EndGlobalSection
EndGlobal
